{
  "name": "extensions_src",
  "version": "1.0.0",
  "lockfileVersion": 2,
  "requires": true,
  "packages": {
    "": {
      "name": "extensions_src",
      "version": "1.0.0",
      "license": "ISC",
      "dependencies": {
        "directus-extension-editorjs": "^1.5.0"
      }
    },
    "node_modules/directus-extension-editorjs": {
      "version": "1.5.0",
      "resolved": "https://registry.npmjs.org/directus-extension-editorjs/-/directus-extension-editorjs-1.5.0.tgz",
      "integrity": "sha512-Rz0DCBp+Xulot6PEcfVnSUS9ekSO9VfnNMAMqA05i4p1REz3AXoWWO6wKE1p+1W+XNkZs9S1MvwVni6XGJzjcA=="
    }
  },
  "dependencies": {
    "directus-extension-editorjs": {
      "version": "1.5.0",
      "resolved": "https://registry.npmjs.org/directus-extension-editorjs/-/directus-extension-editorjs-1.5.0.tgz",
      "integrity": "sha512-Rz0DCBp+Xulot6PEcfVnSUS9ekSO9VfnNMAMqA05i4p1REz3AXoWWO6wKE1p+1W+XNkZs9S1MvwVni6XGJzjcA=="
    }
  }
}
